<?xml version="1.0" encoding="utf-8"?>
<Project ToolsVersion="4.0" xmlns="http://schemas.microsoft.com/developer/msbuild/2003">
  <ItemGroup>
    <Filter Include="Source Files">
      <UniqueIdentifier>{4FC737F1-C7A5-4376-A066-2A32D752A2FF}</UniqueIdentifier>
      <Extensions>cpp;c;cc;cxx;c++;cppm;ixx;def;odl;idl;hpj;bat;asm;asmx</Extensions>
    </Filter>
    <Filter Include="Header Files">
      <UniqueIdentifier>{93995380-89BD-4b04-88EB-625FBE52EBFB}</UniqueIdentifier>
      <Extensions>h;hh;hpp;hxx;h++;hm;inl;inc;ipp;xsd</Extensions>
    </Filter>
    <Filter Include="Resource Files">
      <UniqueIdentifier>{67DA6AB6-F800-4c08-8B7A-83BB121AAD01}</UniqueIdentifier>
      <Extensions>rc;ico;cur;bmp;dlg;rc2;rct;bin;rgs;gif;jpg;jpeg;jpe;resx;tiff;tif;png;wav;mfcribbon-ms</Extensions>
    </Filter>
    <Filter Include="Header Files\Calculator">
      <UniqueIdentifier>{1cc89481-e941-4754-a733-450c537ac828}</UniqueIdentifier>
    </Filter>
    <Filter Include="Source Files\Calculator">
      <UniqueIdentifier>{309a1dd9-d53c-49be-8b7f-b58cfe145776}</UniqueIdentifier>
    </Filter>
    <Filter Include="Header Files\Core">
      <UniqueIdentifier>{c2d61953-b7e3-482a-ab6e-33321d26b0a6}</UniqueIdentifier>
    </Filter>
    <Filter Include="Header Files\Calculator\Conversions">
      <UniqueIdentifier>{bb3b4122-e859-4b2f-a6f0-71c51f02dd7b}</UniqueIdentifier>
    </Filter>
    <Filter Include="Header Files\Calculator\Operations">
      <UniqueIdentifier>{f3bdc04e-e725-4801-b551-563f114be8ef}</UniqueIdentifier>
    </Filter>
    <Filter Include="Source Files\UnitTests">
      <UniqueIdentifier>{20b7c86c-e408-4f4b-ba32-816a62876bec}</UniqueIdentifier>
    </Filter>
    <Filter Include="Header Files\UnitTests">
      <UniqueIdentifier>{265a8dc3-f6f2-4633-89ed-c1f99fc4a7e4}</UniqueIdentifier>
    </Filter>
    <Filter Include="Header Files\Core\TestCore">
      <UniqueIdentifier>{b3aec773-8070-46f1-a576-a3e8a1865159}</UniqueIdentifier>
    </Filter>
    <Filter Include="Source Files\Core">
      <UniqueIdentifier>{c2e92cff-ee43-47d6-95a9-14e735597984}</UniqueIdentifier>
    </Filter>
    <Filter Include="Source Files\Core\TestCore">
      <UniqueIdentifier>{d0d62b73-d549-4b2a-ac95-a0dcee549d8e}</UniqueIdentifier>
    </Filter>
    <Filter Include="Header Files\Calculator\Formattings">
      <UniqueIdentifier>{e5b305d1-aa05-41cc-8e3f-13c3a79274ce}</UniqueIdentifier>
    </Filter>
    <Filter Include="Source Files\Calculator\Operations">
      <UniqueIdentifier>{88711f0e-350e-49c8-80c0-af1ccd916853}</UniqueIdentifier>
    </Filter>
    <Filter Include="Source Files\Calculator\Conversions">
      <UniqueIdentifier>{76909ecc-f961-4c12-a15e-0279a9b56d91}</UniqueIdentifier>
    </Filter>
    <Filter Include="Source Files\Calculator\Formattings">
      <UniqueIdentifier>{b64ba37e-5d77-485b-8a1a-2f18bf8bb66a}</UniqueIdentifier>
    </Filter>
    <Filter Include="Source Files\UnitTests\Calculator">
      <UniqueIdentifier>{8e0434be-43c9-4ac7-8c39-00617ea7304c}</UniqueIdentifier>
    </Filter>
    <Filter Include="Header Files\UnitTests\Calculator">
      <UniqueIdentifier>{2f180126-93e5-4550-a371-a3aaadf033bb}</UniqueIdentifier>
    </Filter>
    <Filter Include="Source Files\ManagementSystem">
      <UniqueIdentifier>{b6bfb4f4-dc78-490d-b9bc-ca775d049127}</UniqueIdentifier>
    </Filter>
    <Filter Include="Header Files\ManagementSystem">
      <UniqueIdentifier>{d9954a14-b765-427c-942a-0d5c0d5acb1e}</UniqueIdentifier>
    </Filter>
    <Filter Include="Header Files\ManagementSystem\StudentBook">
      <UniqueIdentifier>{f6c13765-2845-4b2c-bf64-0f65e8782287}</UniqueIdentifier>
    </Filter>
    <Filter Include="Source Files\ManagementSystem\StudentBook">
      <UniqueIdentifier>{d1627b80-d482-4670-85ed-fb9be9e71fd7}</UniqueIdentifier>
    </Filter>
    <Filter Include="Header Files\Core\UtilsCore">
      <UniqueIdentifier>{8f52b08f-0bbf-4ef3-973f-ff69535e3707}</UniqueIdentifier>
    </Filter>
    <Filter Include="Source Files\Core\UtilsCore">
      <UniqueIdentifier>{3e8b9642-6e86-4b6d-a25e-0a3d3eed6bef}</UniqueIdentifier>
    </Filter>
    <Filter Include="Source Files\UnitTests\ManagementSystem">
      <UniqueIdentifier>{d4a88f74-cad3-433e-985f-789a307b8d1f}</UniqueIdentifier>
    </Filter>
    <Filter Include="Header Files\UnitTests\ManagementSystem">
      <UniqueIdentifier>{b607d467-47bf-47c5-9782-77e201cd3141}</UniqueIdentifier>
    </Filter>
    <Filter Include="Header Files\UnitTests\Core">
      <UniqueIdentifier>{9767bd98-0154-4e80-81b9-50749c9a6609}</UniqueIdentifier>
    </Filter>
    <Filter Include="Source Files\UnitTests\Core">
      <UniqueIdentifier>{e28dcd77-171f-4c19-af46-cfdd9f263bf9}</UniqueIdentifier>
    </Filter>
  </ItemGroup>
  <ItemGroup>
    <ClCompile Include="main.cpp">
      <Filter>Source Files</Filter>
    </ClCompile>
    <ClCompile Include="BasicOp.cpp">
      <Filter>Source Files\Calculator\Operations</Filter>
    </ClCompile>
    <ClCompile Include="RunningTests.cpp">
      <Filter>Source Files\UnitTests</Filter>
    </ClCompile>
    <ClCompile Include="BaseTest.cpp">
      <Filter>Source Files\Core\TestCore</Filter>
    </ClCompile>
    <ClCompile Include="RadixUtils.cpp">
      <Filter>Source Files\Calculator\Conversions</Filter>
    </ClCompile>
    <ClCompile Include="NumericUtils.cpp">
      <Filter>Source Files\Calculator\Formattings</Filter>
    </ClCompile>
    <ClCompile Include="OperationTest.cpp">
      <Filter>Source Files\UnitTests\Calculator</Filter>
    </ClCompile>
    <ClCompile Include="FormattingTest.cpp">
      <Filter>Source Files\UnitTests\Calculator</Filter>
    </ClCompile>
    <ClCompile Include="FileCore.cpp">
      <Filter>Source Files\Core</Filter>
    </ClCompile>
    <ClCompile Include="DateTime.cpp">
      <Filter>Source Files\ManagementSystem\StudentBook</Filter>
    </ClCompile>
    <ClCompile Include="ValueSanitizer.cpp">
      <Filter>Source Files\Core\UtilsCore</Filter>
    </ClCompile>
    <ClCompile Include="TextUtils.cpp">
      <Filter>Source Files\Core\UtilsCore</Filter>
    </ClCompile>
    <ClCompile Include="ValueSanitizerTest.cpp">
      <Filter>Source Files\UnitTests\Core</Filter>
    </ClCompile>
    <ClCompile Include="StringUtilsTest.cpp">
      <Filter>Source Files\UnitTests\Core</Filter>
    </ClCompile>
  </ItemGroup>
  <ItemGroup>
    <ClInclude Include="RadixUtils.h">
      <Filter>Header Files\Calculator\Conversions</Filter>
    </ClInclude>
    <ClInclude Include="BasicOp.h">
      <Filter>Header Files\Calculator\Operations</Filter>
    </ClInclude>
    <ClInclude Include="RunningTests.h">
      <Filter>Header Files\UnitTests</Filter>
    </ClInclude>
    <ClInclude Include="BaseTest.h">
      <Filter>Header Files\Core\TestCore</Filter>
    </ClInclude>
    <ClInclude Include="ErrorName.h">
      <Filter>Header Files\Core\TestCore</Filter>
    </ClInclude>
    <ClInclude Include="NumericUtils.h">
      <Filter>Header Files\Calculator\Formattings</Filter>
    </ClInclude>
    <ClInclude Include="OperationTest.h">
      <Filter>Header Files\UnitTests\Calculator</Filter>
    </ClInclude>
    <ClInclude Include="FormattingTest.h">
      <Filter>Header Files\UnitTests\Calculator</Filter>
    </ClInclude>
    <ClInclude Include="FileCore.h">
      <Filter>Header Files\Core</Filter>
    </ClInclude>
    <ClInclude Include="DateTime.h">
      <Filter>Header Files\ManagementSystem\StudentBook</Filter>
    </ClInclude>
    <ClInclude Include="TextUtils.h">
      <Filter>Header Files\Core\UtilsCore</Filter>
    </ClInclude>
    <ClInclude Include="ValueSanitizer.h">
      <Filter>Header Files\Core\UtilsCore</Filter>
    </ClInclude>
    <ClInclude Include="ValueSanitizerTest.h">
      <Filter>Header Files\UnitTests\Core</Filter>
    </ClInclude>
    <ClInclude Include="StringUtilsTest.h">
      <Filter>Header Files\UnitTests\Core</Filter>
    </ClInclude>
  </ItemGroup>
</Project>